
Microsoft Visual Studio Solution File, Format Version 12.00
# Visual Studio Version 16
VisualStudioVersion = 16.0.30907.101
MinimumVisualStudioVersion = 10.0.40219.1
Project("{FAE04EC0-301F-11D3-BF4B-00C04F79EFBC}") = "MISA.AMIS.API", "MISA.AMIS.API\MISA.AMIS.API.csproj", "{F1D68914-EC42-44E5-B0AB-8FD4EC1372E8}"
EndProject
Project("{FAE04EC0-301F-11D3-BF4B-00C04F79EFBC}") = "MISA.AMIS.CORE", "MISA.AMIS.CORE\MISA.AMIS.CORE.csproj", "{6D7A15EE-1FB5-4ABE-A501-4D1B18BFA80C}"
EndProject
Project("{FAE04EC0-301F-11D3-BF4B-00C04F79EFBC}") = "MISA.AMIS.INTRASTRUCTURE", "MISA.AMIS.INTRASTRUCTURE\MISA.AMIS.INTRASTRUCTURE.csproj", "{679CACA8-0FAD-4A8F-B96A-5331A8DA977E}"
EndProject
Global
	GlobalSection(SolutionConfigurationPlatforms) = preSolution
		Debug|Any CPU = Debug|Any CPU
		Release|Any CPU = Release|Any CPU
	EndGlobalSection
	GlobalSection(ProjectConfigurationPlatforms) = postSolution
		{F1D68914-EC42-44E5-B0AB-8FD4EC1372E8}.Debug|Any CPU.ActiveCfg = Debug|Any CPU
		{F1D68914-EC42-44E5-B0AB-8FD4EC1372E8}.Debug|Any CPU.Build.0 = Debug|Any CPU
		{F1D68914-EC42-44E5-B0AB-8FD4EC1372E8}.Release|Any CPU.ActiveCfg = Release|Any CPU
		{F1D68914-EC42-44E5-B0AB-8FD4EC1372E8}.Release|Any CPU.Build.0 = Release|Any CPU
		{6D7A15EE-1FB5-4ABE-A501-4D1B18BFA80C}.Debug|Any CPU.ActiveCfg = Debug|Any CPU
		{6D7A15EE-1FB5-4ABE-A501-4D1B18BFA80C}.Debug|Any CPU.Build.0 = Debug|Any CPU
		{6D7A15EE-1FB5-4ABE-A501-4D1B18BFA80C}.Release|Any CPU.ActiveCfg = Release|Any CPU
		{6D7A15EE-1FB5-4ABE-A501-4D1B18BFA80C}.Release|Any CPU.Build.0 = Release|Any CPU
		{679CACA8-0FAD-4A8F-B96A-5331A8DA977E}.Debug|Any CPU.ActiveCfg = Debug|Any CPU
		{679CACA8-0FAD-4A8F-B96A-5331A8DA977E}.Debug|Any CPU.Build.0 = Debug|Any CPU
		{679CACA8-0FAD-4A8F-B96A-5331A8DA977E}.Release|Any CPU.ActiveCfg = Release|Any CPU
		{679CACA8-0FAD-4A8F-B96A-5331A8DA977E}.Release|Any CPU.Build.0 = Release|Any CPU
	EndGlobalSection
	GlobalSection(SolutionProperties) = preSolution
		HideSolutionNode = FALSE
	EndGlobalSection
	GlobalSection(ExtensibilityGlobals) = postSolution
		SolutionGuid = {E67B7CDB-72F6-4674-8B36-7694C687A871}
	EndGlobalSection
EndGlobal
